// !$*UTF8*$!
{
	archiveVersion = 1;
	classes = {
	};
	objectVersion = 46;
	objects = {

/* Begin PBXBuildFile section */
		865616651C66EAB900BC0A36 /* SettingsViewController.swift in Sources */ = {isa = PBXBuildFile; fileRef = 865616641C66EAB900BC0A36 /* SettingsViewController.swift */; };
		8692A7FE1C642FFA003D3905 /* AppDelegate.swift in Sources */ = {isa = PBXBuildFile; fileRef = 8692A7FD1C642FFA003D3905 /* AppDelegate.swift */; };
		8692A8001C642FFA003D3905 /* ViewController.swift in Sources */ = {isa = PBXBuildFile; fileRef = 8692A7FF1C642FFA003D3905 /* ViewController.swift */; };
		8692A8031C642FFA003D3905 /* Main.storyboard in Resources */ = {isa = PBXBuildFile; fileRef = 8692A8011C642FFA003D3905 /* Main.storyboard */; };
		8692A8051C642FFA003D3905 /* Assets.xcassets in Resources */ = {isa = PBXBuildFile; fileRef = 8692A8041C642FFA003D3905 /* Assets.xcassets */; };
		8692A8081C642FFA003D3905 /* LaunchScreen.storyboard in Resources */ = {isa = PBXBuildFile; fileRef = 8692A8061C642FFA003D3905 /* LaunchScreen.storyboard */; };
/* End PBXBuildFile section */

/* Begin PBXFileReference section */
		865616641C66EAB900BC0A36 /* SettingsViewController.swift */ = {isa = PBXFileReference; fileEncoding = 4; lastKnownFileType = sourcecode.swift; path = SettingsViewController.swift; sourceTree = "<group>"; };
		8692A7FA1C642FFA003D3905 /* Tip Calculator.app */ = {isa = PBXFileReference; explicitFileType = wrapper.application; includeInIndex = 0; path = "Tip Calculator.app"; sourceTree = BUILT_PRODUCTS_DIR; };
		8692A7FD1C642FFA003D3905 /* AppDelegate.swift */ = {isa = PBXFileReference; lastKnownFileType = sourcecode.swift; path = AppDelegate.swift; sourceTree = "<group>"; };
		8692A7FF1C642FFA003D3905 /* ViewController.swift */ = {isa = PBXFileReference; lastKnownFileType = sourcecode.swift; path = ViewController.swift; sourceTree = "<group>"; };
		8692A8021C642FFA003D3905 /* Base */ = {isa = PBXFileReference; lastKnownFileType = file.storyboard; name = Base; path = Base.lproj/Main.storyboard; sourceTree = "<group>"; };
		8692A8041C642FFA003D3905 /* Assets.xcassets */ = {isa = PBXFileReference; lastKnownFileType = folder.assetcatalog; path = Assets.xcassets; sourceTree = "<group>"; };
		8692A8071C642FFA003D3905 /* Base */ = {isa = PBXFileReference; lastKnownFileType = file.storyboard; name = Base; path = Base.lproj/LaunchScreen.storyboard; sourceTree = "<group>"; };
		8692A8091C642FFA003D3905 /* Info.plist */ = {isa = PBXFileReference; lastKnownFileType = text.plist.xml; path = Info.plist; sourceTree = "<group>"; };
/* End PBXFileReference section */

/* Begin PBXFrameworksBuildPhase section */
		8692A7F71C642FFA003D3905 /* Frameworks */ = {
			isa = PBXFrameworksBuildPhase;
			buildActionMask = 2147483647;
			files = (
			);
			runOnlyForDeploymentPostprocessing = 0;
		};
/* End PBXFrameworksBuildPhase section */

/* Begin PBXGroup section */
		8692A7F11C642FF9003D3905 = {
			isa = PBXGroup;
			children = (
				8692A7FC1C642FFA003D3905 /* Tip Calculator */,
				8692A7FB1C642FFA003D3905 /* Products */,
			);
			sourceTree = "<group>";
		};
		8692A7FB1C642FFA003D3905 /* Products */ = {
			isa = PBXGroup;
			children = (
				8692A7FA1C642FFA003D3905 /* Tip Calculator.app */,
			);
			name = Products;
			sourceTree = "<group>";
		};
		8692A7FC1C642FFA003D3905 /* Tip Calculator */ = {
			isa = PBXGroup;
			children = (
				8692A7FD1C642FFA003D3905 /* AppDelegate.swift */,
				8692A7FF1C642FFA003D3905 /* ViewController.swift */,
				8692A8011C642FFA003D3905 /* Main.storyboard */,
				865616641C66EAB900BC0A36 /* SettingsViewController.swift */,
				8692A8041C642FFA003D3905 /* Assets.xcassets */,
				8692A8061C642FFA003D3905 /* LaunchScreen.storyboard */,
				8692A8091C642FFA003D3905 /* Info.plist */,
			);
			path = "Tip Calculator";
			sourceTree = "<group>";
		};
/* End PBXGroup section */

/* Begin PBXNativeTarget section */
		8692A7F91C642FFA003D3905 /* Tip Calculator */ = {
			isa = PBXNativeTarget;
			buildConfigurationList = 8692A80C1C642FFA003D3905 /* Build configuration list for PBXNativeTarget "Tip Calculator" */;
			buildPhases = (
				8692A7F61C642FFA003D3905 /* Sources */,
				8692A7F71C642FFA003D3905 /* Frameworks */,
				8692A7F81C642FFA003D3905 /* Resources */,
			);
			buildRules = (
			);
			dependencies = (
			);
			name = "Tip Calculator";
			productName = "Tip Calculator";
			productReference = 8692A7FA1C642FFA003D3905 /* Tip Calculator.app */;
			productType = "com.apple.product-type.application";
		};
/* End PBXNativeTarget section */

/* Begin PBXProject section */
		8692A7F21C642FF9003D3905 /* Project object */ = {
			isa = PBXProject;
			attributes = {
				LastSwiftUpdateCheck = 0720;
				LastUpgradeCheck = 0720;
				ORGANIZATIONNAME = "Joe Jung";
				TargetAttributes = {
					8692A7F91C642FFA003D3905 = {
						CreatedOnToolsVersion = 7.2.1;
					};
				};
			};
			buildConfigurationList = 8692A7F51C642FF9003D3905 /* Build configuration list for PBXProject "Tip Calculator" */;
			compatibilityVersion = "Xcode 3.2";
			developmentRegion = English;
			hasScannedForEncodings = 0;
			knownRegions = (
				en,
				Base,
			);
			mainGroup = 8692A7F11C642FF9003D3905;
			productRefGroup = 8692A7FB1C642FFA003D3905 /* Products */;
			projectDirPath = "";
			projectRoot = "";
			targets = (
				8692A7F91C642FFA003D3905 /* Tip Calculator */,
			);
		};
/* End PBXProject section */

/* Begin PBXResourcesBuildPhase section */
		8692A7F81C642FFA003D3905 /* Resources */ = {
			isa = PBXResourcesBuildPhase;
			buildActionMask = 2147483647;
			files = (
				8692A8081C642FFA003D3905 /* LaunchScreen.storyboard in Resources */,
				8692A8051C642FFA003D3905 /* Assets.xcassets in Resources */,
				8692A8031C642FFA003D3905 /* Main.storyboard in Resources */,
			);
			runOnlyForDeploymentPostprocessing = 0;
		};
/* End PBXResourcesBuildPhase section */

/* Begin PBXSourcesBuildPhase section */
		8692A7F61C642FFA003D3905 /* Sources */ = {
			isa = PBXSourcesBuildPhase;
			buildActionMask = 2147483647;
			files = (
				8692A8001C642FFA003D3905 /* ViewController.swift in Sources */,
				8692A7FE1C642FFA003D3905 /* AppDelegate.swift in Sources */,
				865616651C66EAB900BC0A36 /* SettingsViewController.swift in Sources */,
			);
			runOnlyForDeploymentPostprocessing = 0;
		};
/* End PBXSourcesBuildPhase section */

/* Begin PBXVariantGroup section */
		8692A8011C642FFA003D3905 /* Main.storyboard */ = {
			isa = PBXVariantGroup;
			children = (
				8692A8021C642FFA003D3905 /* Base */,
			);
			name = Main.storyboard;
			sourceTree = "<group>";
		};
		8692A8061C642FFA003D3905 /* LaunchScreen.storyboard */ = {
			isa = PBXVariantGroup;
			children = (
				8692A8071C642FFA003D3905 /* Base */,
			);
			name = LaunchScreen.storyboard;
			sourceTree = "<group>";
		};
/* End PBXVariantGroup section */

/* Begin XCBuildConfiguration section */
		8692A80A1C642FFA003D3905 /* Debug */ = {
			isa = XCBuildConfiguration;
			buildSettings = {
				ALWAYS_SEARCH_USER_PATHS = NO;
				CLANG_CXX_LANGUAGE_STANDARD = "gnu++0x";
				CLANG_CXX_LIBRARY = "libc++";
				CLANG_ENABLE_MODULES = YES;
				CLANG_ENABLE_OBJC_ARC = YES;
				CLANG_WARN_BOOL_CONVERSION = YES;
				CLANG_WARN_CONSTANT_CONVERSION = YES;
				CLANG_WARN_DIRECT_OBJC_ISA_USAGE = YES_ERROR;
				CLANG_WARN_EMPTY_BODY = YES;
				CLANG_WARN_ENUM_CONVERSION = YES;
				CLANG_WARN_INT_CONVERSION = YES;
				CLANG_WARN_OBJC_ROOT_CLASS = YES_ERROR;
				CLANG_WARN_UNREACHABLE_CODE = YES;
				CLANG_WARN__DUPLICATE_METHOD_MATCH = YES;
				"CODE_SIGN_IDENTITY[sdk=iphoneos*]" = "iPhone Developer";
				COPY_PHASE_STRIP = NO;
				DEBUG_INFORMATION_FORMAT = dwarf;
				ENABLE_STRICT_OBJC_MSGSEND = YES;
				ENABLE_TESTABILITY = YES;
				GCC_C_LANGUAGE_STANDARD = gnu99;
				GCC_DYNAMIC_NO_PIC = NO;
				GCC_NO_COMMON_BLOCKS = YES;
				GCC_OPTIMIZATION_LEVEL = 0;
				GCC_PREPROCESSOR_DEFINITIONS = (
					"DEBUG=1",
					"$(inherited)",
				);
				GCC_WARN_64_TO_32_BIT_CONVERSION = YES;
				GCC_WARN_ABOUT_RETURN_TYPE = YES_ERROR;
				GCC_WARN_UNDECLARED_SELECTOR = YES;
				GCC_WARN_UNINITIALIZED_AUTOS = YES_AGGRESSIVE;
				GCC_WARN_UNUSED_FUNCTION = YES;
				GCC_WARN_UNUSED_VARIABLE = YES;
				IPHONEOS_DEPLOYMENT_TARGET = 9.2;
				MTL_ENABLE_DEBUG_INFO = YES;
				ONLY_ACTIVE_ARCH = YES;
				SDKROOT = iphoneos;
				SWIFT_OPTIMIZATION_LEVEL = "-Onone";
				TARGETED_DEVICE_FAMILY = "1,2";
			};
			name = Debug;
		};
		8692A80B1C642FFA003D3905 /* Release */ = {
			isa = XCBuildConfiguration;
			buildSettings = {
				ALWAYS_SEARCH_USER_PATHS = NO;
				CLANG_CXX_LANGUAGE_STANDARD = "gnu++0x";
				CLANG_CXX_LIBRARY = "libc++";
				CLANG_ENABLE_MODULES = YES;
				CLANG_ENABLE_OBJC_ARC = YES;
				CLANG_WARN_BOOL_CONVERSION = YES;
				CLANG_WARN_CONSTANT_CONVERSION = YES;
				CLANG_WARN_DIRECT_OBJC_ISA_USAGE = YES_ERROR;
				CLANG_WARN_EMPTY_BODY = YES;
				CLANG_WARN_ENUM_CONVERSION = YES;
				CLANG_WARN_INT_CONVERSION = YES;
				CLANG_WARN_OBJC_ROOT_CLASS = YES_ERROR;
				CLANG_WARN_UNREACHABLE_CODE = YES;
				CLANG_WARN__DUPLICATE_METHOD_MATCH = YES;
				"CODE_SIGN_IDENTITY[sdk=iphoneos*]" = "iPhone Developer";
				COPY_PHASE_STRIP = NO;
				DEBUG_INFORMATION_FORMAT = "dwarf-with-dsym";
				ENABLE_NS_ASSERTIONS = NO;
				ENABLE_STRICT_OBJC_MSGSEND = YES;
				GCC_C_LANGUAGE_STANDARD = gnu99;
				GCC_NO_COMMON_BLOCKS = YES;
				GCC_WARN_64_TO_32_BIT_CONVERSION = YES;
				GCC_WARN_ABOUT_RETURN_TYPE = YES_ERROR;
				GCC_WARN_UNDECLARED_SELECTOR = YES;
				GCC_WARN_UNINITIALIZED_AUTOS = YES_AGGRESSIVE;
				GCC_WARN_UNUSED_FUNCTION = YES;
				GCC_WARN_UNUSED_VARIABLE = YES;
				IPHONEOS_DEPLOYMENT_TARGET = 9.2;
				MTL_ENABLE_DEBUG_INFO = NO;
				SDKROOT = iphoneos;
				TARGETED_DEVICE_FAMILY = "1,2";
				VALIDATE_PRODUCT = YES;
			};
			name = Release;
		};
		8692A80D1C642FFA003D3905 /* Debug */ = {
			isa = XCBuildConfiguration;
			buildSettings = {
				ASSETCATALOG_COMPILER_APPICON_NAME = AppIcon;
				INFOPLIST_FILE = "Tip Calculator/Info.plist";
				LD_RUNPATH_SEARCH_PATHS = "$(inherited) @executable_path/Frameworks";
				PRODUCT_BUNDLE_IDENTIFIER = "com.joejung.Tip-Calculator";
				PRODUCT_NAME = "$(TARGET_NAME)";
			};
			name = Debug;
		};
		8692A80E1C642FFA003D3905 /* Release */ = {
			isa = XCBuildConfiguration;
			buildSettings = {
				ASSETCATALOG_COMPILER_APPICON_NAME = AppIcon;
				INFOPLIST_FILE = "Tip Calculator/Info.plist";
				LD_RUNPATH_SEARCH_PATHS = "$(inherited) @executable_path/Frameworks";
				PRODUCT_BUNDLE_IDENTIFIER = "com.joejung.Tip-Calculator";
				PRODUCT_NAME = "$(TARGET_NAME)";
			};
			name = Release;
		};
/* End XCBuildConfiguration section */

/* Begin XCConfigurationList section */
		8692A7F51C642FF9003D3905 /* Build configuration list for PBXProject "Tip Calculator" */ = {
			isa = XCConfigurationList;
			buildConfigurations = (
				8692A80A1C642FFA003D3905 /* Debug */,
				8692A80B1C642FFA003D3905 /* Release */,
			);
			defaultConfigurationIsVisible = 0;
			defaultConfigurationName = Release;
		};
		8692A80C1C642FFA003D3905 /* Build configuration list for PBXNativeTarget "Tip Calculator" */ = {
			isa = XCConfigurationList;
			buildConfigurations = (
				8692A80D1C642FFA003D3905 /* Debug */,
				8692A80E1C642FFA003D3905 /* Release */,
			);
			defaultConfigurationIsVisible = 0;
			defaultConfigurationName = Release;
		};
/* End XCConfigurationList section */
	};
	rootObject = 8692A7F21C642FF9003D3905 /* Project object */;
}
